{
    "_readme": [
        "This file locks the dependencies of your project to a known state",
        "Read more about it at https://getcomposer.org/doc/01-basic-usage.md#installing-dependencies",
        "This file is @generated automatically"
    ],
    "content-hash": "b471e6f267fd124a00bb2b80ae3e9a98",
    "packages": [
        {
            "name": "cvy/util-design-patterns",
            "version": "v1.0.0",
            "source": {
                "type": "git",
                "url": "https://github.com/vadim-cvy/util-design-patterns.git",
                "reference": "26826d998934f0417494d99239786cda7fd1ec89"
            },
            "dist": {
                "type": "zip",
                "url": "https://api.github.com/repos/vadim-cvy/util-design-patterns/zipball/26826d998934f0417494d99239786cda7fd1ec89",
                "reference": "26826d998934f0417494d99239786cda7fd1ec89",
                "shasum": ""
            },
            "type": "library",
            "autoload": {
                "psr-4": {
                    "Cvy\\DesignPatterns\\": "src/"
                }
            },
            "support": {
                "source": "https://github.com/vadim-cvy/util-design-patterns/tree/v1.0.0",
                "issues": "https://github.com/vadim-cvy/util-design-patterns/issues"
            },
            "time": "2023-09-18T14:25:58+00:00"
        },
        {
            "name": "cvy/util-wp-all-in-one-migration",
            "version": "v1.0.1",
            "source": {
                "type": "git",
                "url": "https://github.com/vadim-cvy/util-wp-all-in-one-migration.git",
                "reference": "355d92b2a02fd0813ed1f326a80707c7b391ddf3"
            },
            "dist": {
                "type": "zip",
                "url": "https://api.github.com/repos/vadim-cvy/util-wp-all-in-one-migration/zipball/355d92b2a02fd0813ed1f326a80707c7b391ddf3",
                "reference": "355d92b2a02fd0813ed1f326a80707c7b391ddf3",
                "shasum": ""
            },
            "require": {
                "cvy/util-design-patterns": "^1.0"
            },
            "type": "library",
            "autoload": {
                "psr-4": {
                    "Cvy\\WP\\AllInOneMigration\\": "src/"
                }
            },
            "support": {
                "source": "https://github.com/vadim-cvy/util-wp-all-in-one-migration/tree/v1.0.1",
                "issues": "https://github.com/vadim-cvy/util-wp-all-in-one-migration/issues"
            },
            "time": "2023-11-22T13:40:25+00:00"
        },
        {
            "name": "cvy/util-wp-assets",
            "version": "v2.0.1",
            "source": {
                "type": "git",
                "url": "https://github.com/vadim-cvy/util-wp-assets.git",
                "reference": "48e8d5ccac04a06fa10d7f92e8326c653bed823d"
            },
            "dist": {
                "type": "zip",
                "url": "https://api.github.com/repos/vadim-cvy/util-wp-assets/zipball/48e8d5ccac04a06fa10d7f92e8326c653bed823d",
                "reference": "48e8d5ccac04a06fa10d7f92e8326c653bed823d",
                "shasum": ""
            },
            "type": "library",
            "autoload": {
                "psr-4": {
                    "Cvy\\WP\\Assets\\": "src/"
                }
            },
            "support": {
                "source": "https://github.com/vadim-cvy/util-wp-assets/tree/v2.0.1",
                "issues": "https://github.com/vadim-cvy/util-wp-assets/issues"
            },
            "time": "2023-11-16T15:28:59+00:00"
        },
        {
            "name": "cvy/util-wp-env",
            "version": "v1.0.0",
            "source": {
                "type": "git",
                "url": "https://github.com/vadim-cvy/util-wp-env.git",
                "reference": "49f87fcdc775bddc547dfc0ff6300e9c9dde4566"
            },
            "dist": {
                "type": "zip",
                "url": "https://api.github.com/repos/vadim-cvy/util-wp-env/zipball/49f87fcdc775bddc547dfc0ff6300e9c9dde4566",
                "reference": "49f87fcdc775bddc547dfc0ff6300e9c9dde4566",
                "shasum": ""
            },
            "require": {
                "cvy/util-design-patterns": "^1.0"
            },
            "type": "library",
            "autoload": {
                "psr-4": {
                    "Cvy\\WP\\Env\\": "src/"
                }
            },
            "support": {
                "source": "https://github.com/vadim-cvy/util-wp-env/tree/v1.0.0",
                "issues": "https://github.com/vadim-cvy/util-wp-env/issues"
            },
            "time": "2023-11-16T15:59:29+00:00"
        },
        {
            "name": "cvy/util-wp-object",
            "version": "v1.0.1",
            "source": {
                "type": "git",
                "url": "https://github.com/vadim-cvy/util-wp-object.git",
                "reference": "31d0bfefa7944f43c19ac54f290dc3cb245dab04"
            },
            "dist": {
                "type": "zip",
                "url": "https://api.github.com/repos/vadim-cvy/util-wp-object/zipball/31d0bfefa7944f43c19ac54f290dc3cb245dab04",
                "reference": "31d0bfefa7944f43c19ac54f290dc3cb245dab04",
                "shasum": ""
            },
            "require": {
                "cvy/util-design-patterns": "1.0.0"
            },
            "type": "library",
            "autoload": {
                "psr-4": {
                    "Cvy\\WP\\Object\\": "src/"
                }
            },
            "support": {
                "source": "https://github.com/vadim-cvy/util-wp-object/tree/v1.0.1",
                "issues": "https://github.com/vadim-cvy/util-wp-object/issues"
            },
            "time": "2023-09-22T15:19:17+00:00"
        },
        {
            "name": "cvy/util-wp-objects-query",
            "version": "v1.0.0",
            "source": {
                "type": "git",
                "url": "https://github.com/vadim-cvy/util-wp-objects-query.git",
                "reference": "0445e0068811ca73f84221522a265e5dd7ebe551"
            },
            "dist": {
                "type": "zip",
                "url": "https://api.github.com/repos/vadim-cvy/util-wp-objects-query/zipball/0445e0068811ca73f84221522a265e5dd7ebe551",
                "reference": "0445e0068811ca73f84221522a265e5dd7ebe551",
                "shasum": ""
            },
            "type": "library",
            "autoload": {
                "psr-4": {
                    "Cvy\\WP\\ObjectsQuery\\": "src/"
                }
            },
            "support": {
                "source": "https://github.com/vadim-cvy/util-wp-objects-query/tree/v1.0.0",
                "issues": "https://github.com/vadim-cvy/util-wp-objects-query/issues"
            },
            "time": "2023-09-18T14:30:09+00:00"
        },
        {
            "name": "cvy/util-wp-objects-type-wrapper",
            "version": "v2.0.1",
            "source": {
                "type": "git",
                "url": "https://github.com/vadim-cvy/util-wp-objects-type-wrapper.git",
                "reference": "1c842b14cf976868b7f37b63c4a40672374d7dd3"
            },
            "dist": {
                "type": "zip",
                "url": "https://api.github.com/repos/vadim-cvy/util-wp-objects-type-wrapper/zipball/1c842b14cf976868b7f37b63c4a40672374d7dd3",
                "reference": "1c842b14cf976868b7f37b63c4a40672374d7dd3",
                "shasum": ""
            },
            "require": {
                "cvy/util-design-patterns": "^1"
            },
            "type": "library",
            "autoload": {
                "psr-4": {
                    "Cvy\\WP\\ObjectsTypeWrapper\\": "src/"
                }
            },
            "support": {
                "source": "https://github.com/vadim-cvy/util-wp-objects-type-wrapper/tree/v2.0.1",
                "issues": "https://github.com/vadim-cvy/util-wp-objects-type-wrapper/issues"
            },
            "time": "2023-12-05T12:29:28+00:00"
        },
        {
            "name": "cvy/util-wp-post",
            "version": "v1.1.1",
            "source": {
                "type": "git",
                "url": "https://github.com/vadim-cvy/util-wp-post.git",
                "reference": "c690530ee5a07cf345f19bcc6bdc54ad72e6830d"
            },
            "dist": {
                "type": "zip",
                "url": "https://api.github.com/repos/vadim-cvy/util-wp-post/zipball/c690530ee5a07cf345f19bcc6bdc54ad72e6830d",
                "reference": "c690530ee5a07cf345f19bcc6bdc54ad72e6830d",
                "shasum": ""
            },
            "require": {
                "cvy/util-wp-object": "^1."
            },
            "type": "library",
            "autoload": {
                "psr-4": {
                    "Cvy\\WP\\Post\\": "src/"
                }
            },
            "support": {
                "source": "https://github.com/vadim-cvy/util-wp-post/tree/v1.1.1",
                "issues": "https://github.com/vadim-cvy/util-wp-post/issues"
            },
            "time": "2023-09-22T15:24:55+00:00"
        },
        {
            "name": "cvy/util-wp-post-types",
            "version": "v2.0.2",
            "source": {
                "type": "git",
                "url": "https://github.com/vadim-cvy/util-wp-post-types.git",
                "reference": "6b3122f029764e69a35b8dbc988e50044b3b3e6b"
            },
            "dist": {
                "type": "zip",
                "url": "https://api.github.com/repos/vadim-cvy/util-wp-post-types/zipball/6b3122f029764e69a35b8dbc988e50044b3b3e6b",
                "reference": "6b3122f029764e69a35b8dbc988e50044b3b3e6b",
                "shasum": ""
            },
            "require": {
                "cvy/util-wp-objects-type-wrapper": "^2.",
                "cvy/util-wp-post": "^1.",
                "cvy/util-wp-posts-query": "^1."
            },
            "type": "library",
            "autoload": {
                "psr-4": {
                    "Cvy\\WP\\PostTypes\\": "src/"
                }
            },
            "support": {
                "source": "https://github.com/vadim-cvy/util-wp-post-types/tree/v2.0.2",
                "issues": "https://github.com/vadim-cvy/util-wp-post-types/issues"
            },
            "time": "2023-12-05T12:09:40+00:00"
        },
        {
            "name": "cvy/util-wp-posts-query",
            "version": "v1.0.0",
            "source": {
                "type": "git",
                "url": "https://github.com/vadim-cvy/util-wp-posts-query.git",
                "reference": "9309ea119914db104ecfe4b9e814330a2b2d335c"
            },
            "dist": {
                "type": "zip",
                "url": "https://api.github.com/repos/vadim-cvy/util-wp-posts-query/zipball/9309ea119914db104ecfe4b9e814330a2b2d335c",
                "reference": "9309ea119914db104ecfe4b9e814330a2b2d335c",
                "shasum": ""
            },
            "require": {
                "cvy/util-wp-objects-query": "^1"
            },
            "type": "library",
            "autoload": {
                "psr-4": {
                    "Cvy\\WP\\PostsQuery\\": "src/"
                }
            },
            "support": {
                "source": "https://github.com/vadim-cvy/util-wp-posts-query/tree/v1.0.0",
                "issues": "https://github.com/vadim-cvy/util-wp-posts-query/issues"
            },
            "time": "2023-09-18T14:29:48+00:00"
        },
        {
            "name": "cvy/util-wp-site-pages",
            "version": "v1.1.2",
            "source": {
                "type": "git",
                "url": "https://github.com/vadim-cvy/util-wp-site-pages.git",
                "reference": "2e18c515d2b8056e0f5db03940919f29c4941257"
            },
            "dist": {
                "type": "zip",
                "url": "https://api.github.com/repos/vadim-cvy/util-wp-site-pages/zipball/2e18c515d2b8056e0f5db03940919f29c4941257",
                "reference": "2e18c515d2b8056e0f5db03940919f29c4941257",
                "shasum": ""
            },
            "require": {
                "cvy/util-design-patterns": "^1."
            },
            "type": "library",
            "autoload": {
                "psr-4": {
                    "Cvy\\WP\\SitePages\\": "src/"
                }
            },
            "support": {
                "source": "https://github.com/vadim-cvy/util-wp-site-pages/tree/v1.1.2",
                "issues": "https://github.com/vadim-cvy/util-wp-site-pages/issues"
            },
            "time": "2023-10-26T14:40:57+00:00"
        }
    ],
    "packages-dev": [],
    "aliases": [],
    "minimum-stability": "stable",
    "stability-flags": [],
    "prefer-stable": false,
    "prefer-lowest": false,
    "platform": [],
    "platform-dev": [],
    "plugin-api-version": "2.6.0"
}
